
Microsoft Visual Studio Solution File, Format Version 12.00
# Visual Studio Version 16
VisualStudioVersion = 16.0.30204.135
MinimumVisualStudioVersion = 10.0.40219.1
Project("{FAE04EC0-301F-11D3-BF4B-00C04F79EFBC}") = "TAL_EdgeColoring", "TAL_EdgeColoring\TAL_EdgeColoring.csproj", "{3CE35AF2-8A89-41C0-913A-183D730CB466}"
EndProject
Global
	GlobalSection(SolutionConfigurationPlatforms) = preSolution
		Debug|Any CPU = Debug|Any CPU
		Release|Any CPU = Release|Any CPU
	EndGlobalSection
	GlobalSection(ProjectConfigurationPlatforms) = postSolution
		{3CE35AF2-8A89-41C0-913A-183D730CB466}.Debug|Any CPU.ActiveCfg = Debug|Any CPU
		{3CE35AF2-8A89-41C0-913A-183D730CB466}.Debug|Any CPU.Build.0 = Debug|Any CPU
		{3CE35AF2-8A89-41C0-913A-183D730CB466}.Release|Any CPU.ActiveCfg = Release|Any CPU
		{3CE35AF2-8A89-41C0-913A-183D730CB466}.Release|Any CPU.Build.0 = Release|Any CPU
	EndGlobalSection
	GlobalSection(SolutionProperties) = preSolution
		HideSolutionNode = FALSE
	EndGlobalSection
	GlobalSection(ExtensibilityGlobals) = postSolution
		SolutionGuid = {98BC0904-E546-4472-8AC7-D4E827DC5A38}
	EndGlobalSection
EndGlobal
